# This file is automatically @generated by Cargo.
# It is not intended for manual editing.
version = 4

[[package]]
name = "auth"
version = "0.1.0"

[[package]]
name = "cache"
version = "0.1.0"

[[package]]
name = "crypto"
version = "0.1.0"

[[package]]
name = "database"
version = "0.1.0"

[[package]]
name = "media"
version = "0.1.0"

[[package]]
name = "models"
version = "0.1.0"

[[package]]
name = "server"
version = "0.1.0"
dependencies = [
 "auth",
 "cache",
 "crypto",
 "database",
 "media",
 "models",
 "storage",
 "utils",
]

[[package]]
name = "storage"
version = "0.1.0"

[[package]]
name = "utils"
version = "0.1.0"
